// !$*UTF8*$!
{
	archiveVersion = 1;
	classes = {
	};
	objectVersion = 56;
	objects = {

/* Begin PBXBuildFile section */
		BA3B2CFE2AF4398B00382078 /* AppDelegate.swift in Sources */ = {isa = PBXBuildFile; fileRef = BA3B2CFD2AF4398B00382078 /* AppDelegate.swift */; };
		BA3B2D002AF4398B00382078 /* SceneDelegate.swift in Sources */ = {isa = PBXBuildFile; fileRef = BA3B2CFF2AF4398B00382078 /* SceneDelegate.swift */; };
		BA3B2D022AF4398B00382078 /* ViewController.swift in Sources */ = {isa = PBXBuildFile; fileRef = BA3B2D012AF4398B00382078 /* ViewController.swift */; };
		BA3B2D052AF4398C00382078 /* Main.storyboard in Resources */ = {isa = PBXBuildFile; fileRef = BA3B2D032AF4398C00382078 /* Main.storyboard */; };
		BA3B2D082AF4398C00382078 /* Polodo.xcdatamodeld in Sources */ = {isa = PBXBuildFile; fileRef = BA3B2D062AF4398C00382078 /* Polodo.xcdatamodeld */; };
		BA3B2D0A2AF4398E00382078 /* Assets.xcassets in Resources */ = {isa = PBXBuildFile; fileRef = BA3B2D092AF4398E00382078 /* Assets.xcassets */; };
		BA3B2D0D2AF4398E00382078 /* LaunchScreen.storyboard in Resources */ = {isa = PBXBuildFile; fileRef = BA3B2D0B2AF4398E00382078 /* LaunchScreen.storyboard */; };
		BAC0700C2B68500700BD4D8B /* Lessons.swift in Sources */ = {isa = PBXBuildFile; fileRef = BAC0700B2B68500700BD4D8B /* Lessons.swift */; };
		BAC0700E2B68521800BD4D8B /* Quiz.swift in Sources */ = {isa = PBXBuildFile; fileRef = BAC0700D2B68521800BD4D8B /* Quiz.swift */; };
/* End PBXBuildFile section */

/* Begin PBXFileReference section */
		BA3B2CFA2AF4398B00382078 /* Polodo.app */ = {isa = PBXFileReference; explicitFileType = wrapper.application; includeInIndex = 0; path = Polodo.app; sourceTree = BUILT_PRODUCTS_DIR; };
		BA3B2CFD2AF4398B00382078 /* AppDelegate.swift */ = {isa = PBXFileReference; lastKnownFileType = sourcecode.swift; path = AppDelegate.swift; sourceTree = "<group>"; };
		BA3B2CFF2AF4398B00382078 /* SceneDelegate.swift */ = {isa = PBXFileReference; lastKnownFileType = sourcecode.swift; path = SceneDelegate.swift; sourceTree = "<group>"; };
		BA3B2D012AF4398B00382078 /* ViewController.swift */ = {isa = PBXFileReference; lastKnownFileType = sourcecode.swift; path = ViewController.swift; sourceTree = "<group>"; };
		BA3B2D042AF4398C00382078 /* Base */ = {isa = PBXFileReference; lastKnownFileType = file.storyboard; name = Base; path = Base.lproj/Main.storyboard; sourceTree = "<group>"; };
		BA3B2D072AF4398C00382078 /* Polodo.xcdatamodel */ = {isa = PBXFileReference; lastKnownFileType = wrapper.xcdatamodel; path = Polodo.xcdatamodel; sourceTree = "<group>"; };
		BA3B2D092AF4398E00382078 /* Assets.xcassets */ = {isa = PBXFileReference; lastKnownFileType = folder.assetcatalog; path = Assets.xcassets; sourceTree = "<group>"; };
		BA3B2D0C2AF4398E00382078 /* Base */ = {isa = PBXFileReference; lastKnownFileType = file.storyboard; name = Base; path = Base.lproj/LaunchScreen.storyboard; sourceTree = "<group>"; };
		BA3B2D0E2AF4398E00382078 /* Polodo.entitlements */ = {isa = PBXFileReference; lastKnownFileType = text.plist.entitlements; path = Polodo.entitlements; sourceTree = "<group>"; };
		BA3B2D0F2AF4398E00382078 /* Info.plist */ = {isa = PBXFileReference; lastKnownFileType = text.plist.xml; path = Info.plist; sourceTree = "<group>"; };
		BAC0700B2B68500700BD4D8B /* Lessons.swift */ = {isa = PBXFileReference; lastKnownFileType = sourcecode.swift; path = Lessons.swift; sourceTree = "<group>"; };
		BAC0700D2B68521800BD4D8B /* Quiz.swift */ = {isa = PBXFileReference; lastKnownFileType = sourcecode.swift; path = Quiz.swift; sourceTree = "<group>"; };
/* End PBXFileReference section */

/* Begin PBXFrameworksBuildPhase section */
		BA3B2CF72AF4398B00382078 /* Frameworks */ = {
			isa = PBXFrameworksBuildPhase;
			buildActionMask = 2147483647;
			files = (
			);
			runOnlyForDeploymentPostprocessing = 0;
		};
/* End PBXFrameworksBuildPhase section */

/* Begin PBXGroup section */
		BA3B2CF12AF4398B00382078 = {
			isa = PBXGroup;
			children = (
				BA3B2CFC2AF4398B00382078 /* Polodo */,
				BA3B2CFB2AF4398B00382078 /* Products */,
			);
			sourceTree = "<group>";
		};
		BA3B2CFB2AF4398B00382078 /* Products */ = {
			isa = PBXGroup;
			children = (
				BA3B2CFA2AF4398B00382078 /* Polodo.app */,
			);
			name = Products;
			sourceTree = "<group>";
		};
		BA3B2CFC2AF4398B00382078 /* Polodo */ = {
			isa = PBXGroup;
			children = (
				BA3B2CFD2AF4398B00382078 /* AppDelegate.swift */,
				BA3B2CFF2AF4398B00382078 /* SceneDelegate.swift */,
				BA3B2D012AF4398B00382078 /* ViewController.swift */,
				BA3B2D032AF4398C00382078 /* Main.storyboard */,
				BA3B2D092AF4398E00382078 /* Assets.xcassets */,
				BA3B2D0B2AF4398E00382078 /* LaunchScreen.storyboard */,
				BA3B2D0E2AF4398E00382078 /* Polodo.entitlements */,
				BA3B2D0F2AF4398E00382078 /* Info.plist */,
				BA3B2D062AF4398C00382078 /* Polodo.xcdatamodeld */,
				BAC0700B2B68500700BD4D8B /* Lessons.swift */,
				BAC0700D2B68521800BD4D8B /* Quiz.swift */,
			);
			path = Polodo;
			sourceTree = "<group>";
		};
/* End PBXGroup section */

/* Begin PBXNativeTarget section */
		BA3B2CF92AF4398B00382078 /* Polodo */ = {
			isa = PBXNativeTarget;
			buildConfigurationList = BA3B2D122AF4398E00382078 /* Build configuration list for PBXNativeTarget "Polodo" */;
			buildPhases = (
				BA3B2CF62AF4398B00382078 /* Sources */,
				BA3B2CF72AF4398B00382078 /* Frameworks */,
				BA3B2CF82AF4398B00382078 /* Resources */,
			);
			buildRules = (
			);
			dependencies = (
			);
			name = Polodo;
			productName = Polodo;
			productReference = BA3B2CFA2AF4398B00382078 /* Polodo.app */;
			productType = "com.apple.product-type.application";
		};
/* End PBXNativeTarget section */

/* Begin PBXProject section */
		BA3B2CF22AF4398B00382078 /* Project object */ = {
			isa = PBXProject;
			attributes = {
				BuildIndependentTargetsInParallel = 1;
				LastSwiftUpdateCheck = 1500;
				LastUpgradeCheck = 1500;
				TargetAttributes = {
					BA3B2CF92AF4398B00382078 = {
						CreatedOnToolsVersion = 15.0.1;
					};
				};
			};
			buildConfigurationList = BA3B2CF52AF4398B00382078 /* Build configuration list for PBXProject "Polodo" */;
			compatibilityVersion = "Xcode 14.0";
			developmentRegion = en;
			hasScannedForEncodings = 0;
			knownRegions = (
				en,
				Base,
			);
			mainGroup = BA3B2CF12AF4398B00382078;
			productRefGroup = BA3B2CFB2AF4398B00382078 /* Products */;
			projectDirPath = "";
			projectRoot = "";
			targets = (
				BA3B2CF92AF4398B00382078 /* Polodo */,
			);
		};
/* End PBXProject section */

/* Begin PBXResourcesBuildPhase section */
		BA3B2CF82AF4398B00382078 /* Resources */ = {
			isa = PBXResourcesBuildPhase;
			buildActionMask = 2147483647;
			files = (
				BA3B2D0D2AF4398E00382078 /* LaunchScreen.storyboard in Resources */,
				BA3B2D0A2AF4398E00382078 /* Assets.xcassets in Resources */,
				BA3B2D052AF4398C00382078 /* Main.storyboard in Resources */,
			);
			runOnlyForDeploymentPostprocessing = 0;
		};
/* End PBXResourcesBuildPhase section */

/* Begin PBXSourcesBuildPhase section */
		BA3B2CF62AF4398B00382078 /* Sources */ = {
			isa = PBXSourcesBuildPhase;
			buildActionMask = 2147483647;
			files = (
				BA3B2D082AF4398C00382078 /* Polodo.xcdatamodeld in Sources */,
				BAC0700C2B68500700BD4D8B /* Lessons.swift in Sources */,
				BAC0700E2B68521800BD4D8B /* Quiz.swift in Sources */,
				BA3B2D022AF4398B00382078 /* ViewController.swift in Sources */,
				BA3B2CFE2AF4398B00382078 /* AppDelegate.swift in Sources */,
				BA3B2D002AF4398B00382078 /* SceneDelegate.swift in Sources */,
			);
			runOnlyForDeploymentPostprocessing = 0;
		};
/* End PBXSourcesBuildPhase section */

/* Begin PBXVariantGroup section */
		BA3B2D032AF4398C00382078 /* Main.storyboard */ = {
			isa = PBXVariantGroup;
			children = (
				BA3B2D042AF4398C00382078 /* Base */,
			);
			name = Main.storyboard;
			sourceTree = "<group>";
		};
		BA3B2D0B2AF4398E00382078 /* LaunchScreen.storyboard */ = {
			isa = PBXVariantGroup;
			children = (
				BA3B2D0C2AF4398E00382078 /* Base */,
			);
			name = LaunchScreen.storyboard;
			sourceTree = "<group>";
		};
/* End PBXVariantGroup section */

/* Begin XCBuildConfiguration section */
		BA3B2D102AF4398E00382078 /* Debug */ = {
			isa = XCBuildConfiguration;
			buildSettings = {
				ALWAYS_SEARCH_USER_PATHS = NO;
				ASSETCATALOG_COMPILER_GENERATE_SWIFT_ASSET_SYMBOL_EXTENSIONS = YES;
				CLANG_ANALYZER_NONNULL = YES;
				CLANG_ANALYZER_NUMBER_OBJECT_CONVERSION = YES_AGGRESSIVE;
				CLANG_CXX_LANGUAGE_STANDARD = "gnu++20";
				CLANG_ENABLE_MODULES = YES;
				CLANG_ENABLE_OBJC_ARC = YES;
				CLANG_ENABLE_OBJC_WEAK = YES;
				CLANG_WARN_BLOCK_CAPTURE_AUTORELEASING = YES;
				CLANG_WARN_BOOL_CONVERSION = YES;
				CLANG_WARN_COMMA = YES;
				CLANG_WARN_CONSTANT_CONVERSION = YES;
				CLANG_WARN_DEPRECATED_OBJC_IMPLEMENTATIONS = YES;
				CLANG_WARN_DIRECT_OBJC_ISA_USAGE = YES_ERROR;
				CLANG_WARN_DOCUMENTATION_COMMENTS = YES;
				CLANG_WARN_EMPTY_BODY = YES;
				CLANG_WARN_ENUM_CONVERSION = YES;
				CLANG_WARN_INFINITE_RECURSION = YES;
				CLANG_WARN_INT_CONVERSION = YES;
				CLANG_WARN_NON_LITERAL_NULL_CONVERSION = YES;
				CLANG_WARN_OBJC_IMPLICIT_RETAIN_SELF = YES;
				CLANG_WARN_OBJC_LITERAL_CONVERSION = YES;
				CLANG_WARN_OBJC_ROOT_CLASS = YES_ERROR;
				CLANG_WARN_QUOTED_INCLUDE_IN_FRAMEWORK_HEADER = YES;
				CLANG_WARN_RANGE_LOOP_ANALYSIS = YES;
				CLANG_WARN_STRICT_PROTOTYPES = YES;
				CLANG_WARN_SUSPICIOUS_MOVE = YES;
				CLANG_WARN_UNGUARDED_AVAILABILITY = YES_AGGRESSIVE;
				CLANG_WARN_UNREACHABLE_CODE = YES;
				CLANG_WARN__DUPLICATE_METHOD_MATCH = YES;
				COPY_PHASE_STRIP = NO;
				DEBUG_INFORMATION_FORMAT = dwarf;
				ENABLE_STRICT_OBJC_MSGSEND = YES;
				ENABLE_TESTABILITY = YES;
				ENABLE_USER_SCRIPT_SANDBOXING = YES;
				GCC_C_LANGUAGE_STANDARD = gnu17;
				GCC_DYNAMIC_NO_PIC = NO;
				GCC_NO_COMMON_BLOCKS = YES;
				GCC_OPTIMIZATION_LEVEL = 0;
				GCC_PREPROCESSOR_DEFINITIONS = (
					"DEBUG=1",
					"$(inherited)",
				);
				GCC_WARN_64_TO_32_BIT_CONVERSION = YES;
				GCC_WARN_ABOUT_RETURN_TYPE = YES_ERROR;
				GCC_WARN_UNDECLARED_SELECTOR = YES;
				GCC_WARN_UNINITIALIZED_AUTOS = YES_AGGRESSIVE;
				GCC_WARN_UNUSED_FUNCTION = YES;
				GCC_WARN_UNUSED_VARIABLE = YES;
				IPHONEOS_DEPLOYMENT_TARGET = 17.0;
				LOCALIZATION_PREFERS_STRING_CATALOGS = YES;
				MTL_ENABLE_DEBUG_INFO = INCLUDE_SOURCE;
				MTL_FAST_MATH = YES;
				ONLY_ACTIVE_ARCH = YES;
				SDKROOT = iphoneos;
				SWIFT_ACTIVE_COMPILATION_CONDITIONS = "DEBUG $(inherited)";
				SWIFT_OPTIMIZATION_LEVEL = "-Onone";
			};
			name = Debug;
		};
		BA3B2D112AF4398E00382078 /* Release */ = {
			isa = XCBuildConfiguration;
			buildSettings = {
				ALWAYS_SEARCH_USER_PATHS = NO;
				ASSETCATALOG_COMPILER_GENERATE_SWIFT_ASSET_SYMBOL_EXTENSIONS = YES;
				CLANG_ANALYZER_NONNULL = YES;
				CLANG_ANALYZER_NUMBER_OBJECT_CONVERSION = YES_AGGRESSIVE;
				CLANG_CXX_LANGUAGE_STANDARD = "gnu++20";
				CLANG_ENABLE_MODULES = YES;
				CLANG_ENABLE_OBJC_ARC = YES;
				CLANG_ENABLE_OBJC_WEAK = YES;
				CLANG_WARN_BLOCK_CAPTURE_AUTORELEASING = YES;
				CLANG_WARN_BOOL_CONVERSION = YES;
				CLANG_WARN_COMMA = YES;
				CLANG_WARN_CONSTANT_CONVERSION = YES;
				CLANG_WARN_DEPRECATED_OBJC_IMPLEMENTATIONS = YES;
				CLANG_WARN_DIRECT_OBJC_ISA_USAGE = YES_ERROR;
				CLANG_WARN_DOCUMENTATION_COMMENTS = YES;
				CLANG_WARN_EMPTY_BODY = YES;
				CLANG_WARN_ENUM_CONVERSION = YES;
				CLANG_WARN_INFINITE_RECURSION = YES;
				CLANG_WARN_INT_CONVERSION = YES;
				CLANG_WARN_NON_LITERAL_NULL_CONVERSION = YES;
				CLANG_WARN_OBJC_IMPLICIT_RETAIN_SELF = YES;
				CLANG_WARN_OBJC_LITERAL_CONVERSION = YES;
				CLANG_WARN_OBJC_ROOT_CLASS = YES_ERROR;
				CLANG_WARN_QUOTED_INCLUDE_IN_FRAMEWORK_HEADER = YES;
				CLANG_WARN_RANGE_LOOP_ANALYSIS = YES;
				CLANG_WARN_STRICT_PROTOTYPES = YES;
				CLANG_WARN_SUSPICIOUS_MOVE = YES;
				CLANG_WARN_UNGUARDED_AVAILABILITY = YES_AGGRESSIVE;
				CLANG_WARN_UNREACHABLE_CODE = YES;
				CLANG_WARN__DUPLICATE_METHOD_MATCH = YES;
				COPY_PHASE_STRIP = NO;
				DEBUG_INFORMATION_FORMAT = "dwarf-with-dsym";
				ENABLE_NS_ASSERTIONS = NO;
				ENABLE_STRICT_OBJC_MSGSEND = YES;
				ENABLE_USER_SCRIPT_SANDBOXING = YES;
				GCC_C_LANGUAGE_STANDARD = gnu17;
				GCC_NO_COMMON_BLOCKS = YES;
				GCC_WARN_64_TO_32_BIT_CONVERSION = YES;
				GCC_WARN_ABOUT_RETURN_TYPE = YES_ERROR;
				GCC_WARN_UNDECLARED_SELECTOR = YES;
				GCC_WARN_UNINITIALIZED_AUTOS = YES_AGGRESSIVE;
				GCC_WARN_UNUSED_FUNCTION = YES;
				GCC_WARN_UNUSED_VARIABLE = YES;
				IPHONEOS_DEPLOYMENT_TARGET = 17.0;
				LOCALIZATION_PREFERS_STRING_CATALOGS = YES;
				MTL_ENABLE_DEBUG_INFO = NO;
				MTL_FAST_MATH = YES;
				SDKROOT = iphoneos;
				SWIFT_COMPILATION_MODE = wholemodule;
				VALIDATE_PRODUCT = YES;
			};
			name = Release;
		};
		BA3B2D132AF4398E00382078 /* Debug */ = {
			isa = XCBuildConfiguration;
			buildSettings = {
				ASSETCATALOG_COMPILER_APPICON_NAME = AppIcon;
				ASSETCATALOG_COMPILER_GLOBAL_ACCENT_COLOR_NAME = AccentColor;
				CODE_SIGN_ENTITLEMENTS = Polodo/Polodo.entitlements;
				CODE_SIGN_STYLE = Automatic;
				CURRENT_PROJECT_VERSION = 1;
				DEVELOPMENT_TEAM = 7UZ54V5BU3;
				GENERATE_INFOPLIST_FILE = YES;
				INFOPLIST_FILE = Polodo/Info.plist;
				INFOPLIST_KEY_UIApplicationSupportsIndirectInputEvents = YES;
				INFOPLIST_KEY_UILaunchStoryboardName = LaunchScreen;
				INFOPLIST_KEY_UIMainStoryboardFile = Main;
				INFOPLIST_KEY_UISupportedInterfaceOrientations_iPad = "UIInterfaceOrientationPortrait UIInterfaceOrientationPortraitUpsideDown UIInterfaceOrientationLandscapeLeft UIInterfaceOrientationLandscapeRight";
				INFOPLIST_KEY_UISupportedInterfaceOrientations_iPhone = "UIInterfaceOrientationPortrait UIInterfaceOrientationLandscapeLeft UIInterfaceOrientationLandscapeRight";
				LD_RUNPATH_SEARCH_PATHS = (
					"$(inherited)",
					"@executable_path/Frameworks",
				);
				MARKETING_VERSION = 1.0;
				PRODUCT_BUNDLE_IDENTIFIER = com.griyn.Polodo;
				PRODUCT_NAME = "$(TARGET_NAME)";
				SWIFT_EMIT_LOC_STRINGS = YES;
				SWIFT_VERSION = 5.0;
				TARGETED_DEVICE_FAMILY = "1,2";
			};
			name = Debug;
		};
		BA3B2D142AF4398E00382078 /* Release */ = {
			isa = XCBuildConfiguration;
			buildSettings = {
				ASSETCATALOG_COMPILER_APPICON_NAME = AppIcon;
				ASSETCATALOG_COMPILER_GLOBAL_ACCENT_COLOR_NAME = AccentColor;
				CODE_SIGN_ENTITLEMENTS = Polodo/Polodo.entitlements;
				CODE_SIGN_STYLE = Automatic;
				CURRENT_PROJECT_VERSION = 1;
				DEVELOPMENT_TEAM = 7UZ54V5BU3;
				GENERATE_INFOPLIST_FILE = YES;
				INFOPLIST_FILE = Polodo/Info.plist;
				INFOPLIST_KEY_UIApplicationSupportsIndirectInputEvents = YES;
				INFOPLIST_KEY_UILaunchStoryboardName = LaunchScreen;
				INFOPLIST_KEY_UIMainStoryboardFile = Main;
				INFOPLIST_KEY_UISupportedInterfaceOrientations_iPad = "UIInterfaceOrientationPortrait UIInterfaceOrientationPortraitUpsideDown UIInterfaceOrientationLandscapeLeft UIInterfaceOrientationLandscapeRight";
				INFOPLIST_KEY_UISupportedInterfaceOrientations_iPhone = "UIInterfaceOrientationPortrait UIInterfaceOrientationLandscapeLeft UIInterfaceOrientationLandscapeRight";
				LD_RUNPATH_SEARCH_PATHS = (
					"$(inherited)",
					"@executable_path/Frameworks",
				);
				MARKETING_VERSION = 1.0;
				PRODUCT_BUNDLE_IDENTIFIER = com.griyn.Polodo;
				PRODUCT_NAME = "$(TARGET_NAME)";
				SWIFT_EMIT_LOC_STRINGS = YES;
				SWIFT_VERSION = 5.0;
				TARGETED_DEVICE_FAMILY = "1,2";
			};
			name = Release;
		};
/* End XCBuildConfiguration section */

/* Begin XCConfigurationList section */
		BA3B2CF52AF4398B00382078 /* Build configuration list for PBXProject "Polodo" */ = {
			isa = XCConfigurationList;
			buildConfigurations = (
				BA3B2D102AF4398E00382078 /* Debug */,
				BA3B2D112AF4398E00382078 /* Release */,
			);
			defaultConfigurationIsVisible = 0;
			defaultConfigurationName = Release;
		};
		BA3B2D122AF4398E00382078 /* Build configuration list for PBXNativeTarget "Polodo" */ = {
			isa = XCConfigurationList;
			buildConfigurations = (
				BA3B2D132AF4398E00382078 /* Debug */,
				BA3B2D142AF4398E00382078 /* Release */,
			);
			defaultConfigurationIsVisible = 0;
			defaultConfigurationName = Release;
		};
/* End XCConfigurationList section */

/* Begin XCVersionGroup section */
		BA3B2D062AF4398C00382078 /* Polodo.xcdatamodeld */ = {
			isa = XCVersionGroup;
			children = (
				BA3B2D072AF4398C00382078 /* Polodo.xcdatamodel */,
			);
			currentVersion = BA3B2D072AF4398C00382078 /* Polodo.xcdatamodel */;
			path = Polodo.xcdatamodeld;
			sourceTree = "<group>";
			versionGroupType = wrapper.xcdatamodel;
		};
/* End XCVersionGroup section */
	};
	rootObject = BA3B2CF22AF4398B00382078 /* Project object */;
}
